
Microsoft Visual Studio Solution File, Format Version 12.00
# Visual Studio Version 17
VisualStudioVersion = 17.6.33815.320
MinimumVisualStudioVersion = 10.0.40219.1
Project("{FAE04EC0-301F-11D3-BF4B-00C04F79EFBC}") = "ChatAPI", "ChatAPI.csproj", "{003561F2-F471-4871-A6F6-F562A5E50812}"
EndProject
Global
	GlobalSection(SolutionConfigurationPlatforms) = preSolution
		Debug|Any CPU = Debug|Any CPU
		Release|Any CPU = Release|Any CPU
	EndGlobalSection
	GlobalSection(ProjectConfigurationPlatforms) = postSolution
		{003561F2-F471-4871-A6F6-F562A5E50812}.Debug|Any CPU.ActiveCfg = Debug|Any CPU
		{003561F2-F471-4871-A6F6-F562A5E50812}.Debug|Any CPU.Build.0 = Debug|Any CPU
		{003561F2-F471-4871-A6F6-F562A5E50812}.Release|Any CPU.ActiveCfg = Release|Any CPU
		{003561F2-F471-4871-A6F6-F562A5E50812}.Release|Any CPU.Build.0 = Release|Any CPU
	EndGlobalSection
	GlobalSection(SolutionProperties) = preSolution
		HideSolutionNode = FALSE
	EndGlobalSection
	GlobalSection(ExtensibilityGlobals) = postSolution
		SolutionGuid = {6BA7C70D-C43B-4449-B59E-F98D9F3CC9B7}
	EndGlobalSection
EndGlobal
